// !$*UTF8*$!
{
	archiveVersion = 1;
	classes = {
	};
	objectVersion = 46;
	objects = {

/* Begin PBXBuildFile section */
		D277B3251BE85B3B004B62DE /* _PC_CustomClass.swift in Sources */ = {isa = PBXBuildFile; fileRef = D277B3241BE85B3B004B62DE /* _PC_CustomClass.swift */; };
		D277B3291BE8EDFD004B62DE /* _VC_CustomTabmenu.swift in Sources */ = {isa = PBXBuildFile; fileRef = D277B3281BE8EDFD004B62DE /* _VC_CustomTabmenu.swift */; };
		D277B33A1BE92450004B62DE /* _PC_UpdatefromDB.swift in Sources */ = {isa = PBXBuildFile; fileRef = D277B3391BE92450004B62DE /* _PC_UpdatefromDB.swift */; };
		D277B3561BEA105F004B62DE /* test.swift in Sources */ = {isa = PBXBuildFile; fileRef = D277B3551BEA105F004B62DE /* test.swift */; };
		D277B3741BEA648F004B62DE /* _VC_EventView.swift in Sources */ = {isa = PBXBuildFile; fileRef = D277B3731BEA648F004B62DE /* _VC_EventView.swift */; };
		D277B3761BEA649A004B62DE /* _VC_EventContentView.swift in Sources */ = {isa = PBXBuildFile; fileRef = D277B3751BEA649A004B62DE /* _VC_EventContentView.swift */; };
		D27F1BBB1BEB91EC00F3EF24 /* _PC_CoreDataHelper.swift in Sources */ = {isa = PBXBuildFile; fileRef = D27F1BBA1BEB91EC00F3EF24 /* _PC_CoreDataHelper.swift */; };
		D27F1BBE1BEBA5C500F3EF24 /* Item_Info+CoreDataProperties.swift in Sources */ = {isa = PBXBuildFile; fileRef = D27F1BBC1BEBA5C500F3EF24 /* Item_Info+CoreDataProperties.swift */; };
		D27F1BBF1BEBA5C500F3EF24 /* Item_Info.swift in Sources */ = {isa = PBXBuildFile; fileRef = D27F1BBD1BEBA5C500F3EF24 /* Item_Info.swift */; };
		D27F1BC81BEBDDDC00F3EF24 /* Item_Tag+CoreDataProperties.swift in Sources */ = {isa = PBXBuildFile; fileRef = D27F1BC41BEBDDDC00F3EF24 /* Item_Tag+CoreDataProperties.swift */; };
		D27F1BC91BEBDDDC00F3EF24 /* Item_Tag.swift in Sources */ = {isa = PBXBuildFile; fileRef = D27F1BC51BEBDDDC00F3EF24 /* Item_Tag.swift */; };
		D27F1BCA1BEBDDDC00F3EF24 /* Item_Event+CoreDataProperties.swift in Sources */ = {isa = PBXBuildFile; fileRef = D27F1BC61BEBDDDC00F3EF24 /* Item_Event+CoreDataProperties.swift */; };
		D27F1BCB1BEBDDDC00F3EF24 /* Item_Event.swift in Sources */ = {isa = PBXBuildFile; fileRef = D27F1BC71BEBDDDC00F3EF24 /* Item_Event.swift */; };
		D285BF201BE7E458002C0E9C /* AppDelegate.swift in Sources */ = {isa = PBXBuildFile; fileRef = D285BF1F1BE7E458002C0E9C /* AppDelegate.swift */; };
		D285BF221BE7E458002C0E9C /* ViewController.swift in Sources */ = {isa = PBXBuildFile; fileRef = D285BF211BE7E458002C0E9C /* ViewController.swift */; };
		D285BF251BE7E458002C0E9C /* Main.storyboard in Resources */ = {isa = PBXBuildFile; fileRef = D285BF231BE7E458002C0E9C /* Main.storyboard */; };
		D285BF281BE7E458002C0E9C /* commerce.xcdatamodeld in Sources */ = {isa = PBXBuildFile; fileRef = D285BF261BE7E458002C0E9C /* commerce.xcdatamodeld */; };
		D285BF2A1BE7E458002C0E9C /* Assets.xcassets in Resources */ = {isa = PBXBuildFile; fileRef = D285BF291BE7E458002C0E9C /* Assets.xcassets */; };
		D285BF2D1BE7E458002C0E9C /* LaunchScreen.storyboard in Resources */ = {isa = PBXBuildFile; fileRef = D285BF2B1BE7E458002C0E9C /* LaunchScreen.storyboard */; };
		D285BF381BE7E458002C0E9C /* commerceTests.swift in Sources */ = {isa = PBXBuildFile; fileRef = D285BF371BE7E458002C0E9C /* commerceTests.swift */; };
		D285BF431BE7E458002C0E9C /* commerceUITests.swift in Sources */ = {isa = PBXBuildFile; fileRef = D285BF421BE7E458002C0E9C /* commerceUITests.swift */; };
		D285BF551BE7E87F002C0E9C /* _VC_Main.swift in Sources */ = {isa = PBXBuildFile; fileRef = D285BF541BE7E87F002C0E9C /* _VC_Main.swift */; };
		D2CEFF7E1BE84BA000BF035A /* _RS_CustomValues.swift in Sources */ = {isa = PBXBuildFile; fileRef = D2CEFF7D1BE84BA000BF035A /* _RS_CustomValues.swift */; };
/* End PBXBuildFile section */

/* Begin PBXContainerItemProxy section */
		D285BF341BE7E458002C0E9C /* PBXContainerItemProxy */ = {
			isa = PBXContainerItemProxy;
			containerPortal = D285BF141BE7E458002C0E9C /* Project object */;
			proxyType = 1;
			remoteGlobalIDString = D285BF1B1BE7E458002C0E9C;
			remoteInfo = commerce;
		};
		D285BF3F1BE7E458002C0E9C /* PBXContainerItemProxy */ = {
			isa = PBXContainerItemProxy;
			containerPortal = D285BF141BE7E458002C0E9C /* Project object */;
			proxyType = 1;
			remoteGlobalIDString = D285BF1B1BE7E458002C0E9C;
			remoteInfo = commerce;
		};
/* End PBXContainerItemProxy section */

/* Begin PBXFileReference section */
		D277B3241BE85B3B004B62DE /* _PC_CustomClass.swift */ = {isa = PBXFileReference; fileEncoding = 4; lastKnownFileType = sourcecode.swift; path = _PC_CustomClass.swift; sourceTree = "<group>"; };
		D277B3281BE8EDFD004B62DE /* _VC_CustomTabmenu.swift */ = {isa = PBXFileReference; fileEncoding = 4; lastKnownFileType = sourcecode.swift; path = _VC_CustomTabmenu.swift; sourceTree = "<group>"; };
		D277B3391BE92450004B62DE /* _PC_UpdatefromDB.swift */ = {isa = PBXFileReference; fileEncoding = 4; lastKnownFileType = sourcecode.swift; path = _PC_UpdatefromDB.swift; sourceTree = "<group>"; };
		D277B3551BEA105F004B62DE /* test.swift */ = {isa = PBXFileReference; fileEncoding = 4; lastKnownFileType = sourcecode.swift; path = test.swift; sourceTree = "<group>"; };
		D277B3731BEA648F004B62DE /* _VC_EventView.swift */ = {isa = PBXFileReference; fileEncoding = 4; lastKnownFileType = sourcecode.swift; path = _VC_EventView.swift; sourceTree = "<group>"; };
		D277B3751BEA649A004B62DE /* _VC_EventContentView.swift */ = {isa = PBXFileReference; fileEncoding = 4; lastKnownFileType = sourcecode.swift; path = _VC_EventContentView.swift; sourceTree = "<group>"; };
		D27F1BBA1BEB91EC00F3EF24 /* _PC_CoreDataHelper.swift */ = {isa = PBXFileReference; fileEncoding = 4; lastKnownFileType = sourcecode.swift; path = _PC_CoreDataHelper.swift; sourceTree = "<group>"; };
		D27F1BBC1BEBA5C500F3EF24 /* Item_Info+CoreDataProperties.swift */ = {isa = PBXFileReference; fileEncoding = 4; lastKnownFileType = sourcecode.swift; path = "Item_Info+CoreDataProperties.swift"; sourceTree = "<group>"; };
		D27F1BBD1BEBA5C500F3EF24 /* Item_Info.swift */ = {isa = PBXFileReference; fileEncoding = 4; lastKnownFileType = sourcecode.swift; path = Item_Info.swift; sourceTree = "<group>"; };
		D27F1BC41BEBDDDC00F3EF24 /* Item_Tag+CoreDataProperties.swift */ = {isa = PBXFileReference; fileEncoding = 4; lastKnownFileType = sourcecode.swift; path = "Item_Tag+CoreDataProperties.swift"; sourceTree = "<group>"; };
		D27F1BC51BEBDDDC00F3EF24 /* Item_Tag.swift */ = {isa = PBXFileReference; fileEncoding = 4; lastKnownFileType = sourcecode.swift; path = Item_Tag.swift; sourceTree = "<group>"; };
		D27F1BC61BEBDDDC00F3EF24 /* Item_Event+CoreDataProperties.swift */ = {isa = PBXFileReference; fileEncoding = 4; lastKnownFileType = sourcecode.swift; path = "Item_Event+CoreDataProperties.swift"; sourceTree = "<group>"; };
		D27F1BC71BEBDDDC00F3EF24 /* Item_Event.swift */ = {isa = PBXFileReference; fileEncoding = 4; lastKnownFileType = sourcecode.swift; path = Item_Event.swift; sourceTree = "<group>"; };
		D285BF1C1BE7E458002C0E9C /* commerce.app */ = {isa = PBXFileReference; explicitFileType = wrapper.application; includeInIndex = 0; path = commerce.app; sourceTree = BUILT_PRODUCTS_DIR; };
		D285BF1F1BE7E458002C0E9C /* AppDelegate.swift */ = {isa = PBXFileReference; lastKnownFileType = sourcecode.swift; path = AppDelegate.swift; sourceTree = "<group>"; };
		D285BF211BE7E458002C0E9C /* ViewController.swift */ = {isa = PBXFileReference; lastKnownFileType = sourcecode.swift; path = ViewController.swift; sourceTree = "<group>"; };
		D285BF241BE7E458002C0E9C /* Base */ = {isa = PBXFileReference; lastKnownFileType = file.storyboard; name = Base; path = Base.lproj/Main.storyboard; sourceTree = "<group>"; };
		D285BF271BE7E458002C0E9C /* commerce.xcdatamodel */ = {isa = PBXFileReference; lastKnownFileType = wrapper.xcdatamodel; path = commerce.xcdatamodel; sourceTree = "<group>"; };
		D285BF291BE7E458002C0E9C /* Assets.xcassets */ = {isa = PBXFileReference; lastKnownFileType = folder.assetcatalog; path = Assets.xcassets; sourceTree = "<group>"; };
		D285BF2C1BE7E458002C0E9C /* Base */ = {isa = PBXFileReference; lastKnownFileType = file.storyboard; name = Base; path = Base.lproj/LaunchScreen.storyboard; sourceTree = "<group>"; };
		D285BF2E1BE7E458002C0E9C /* Info.plist */ = {isa = PBXFileReference; lastKnownFileType = text.plist.xml; path = Info.plist; sourceTree = "<group>"; };
		D285BF331BE7E458002C0E9C /* commerceTests.xctest */ = {isa = PBXFileReference; explicitFileType = wrapper.cfbundle; includeInIndex = 0; path = commerceTests.xctest; sourceTree = BUILT_PRODUCTS_DIR; };
		D285BF371BE7E458002C0E9C /* commerceTests.swift */ = {isa = PBXFileReference; lastKnownFileType = sourcecode.swift; path = commerceTests.swift; sourceTree = "<group>"; };
		D285BF391BE7E458002C0E9C /* Info.plist */ = {isa = PBXFileReference; lastKnownFileType = text.plist.xml; path = Info.plist; sourceTree = "<group>"; };
		D285BF3E1BE7E458002C0E9C /* commerceUITests.xctest */ = {isa = PBXFileReference; explicitFileType = wrapper.cfbundle; includeInIndex = 0; path = commerceUITests.xctest; sourceTree = BUILT_PRODUCTS_DIR; };
		D285BF421BE7E458002C0E9C /* commerceUITests.swift */ = {isa = PBXFileReference; lastKnownFileType = sourcecode.swift; path = commerceUITests.swift; sourceTree = "<group>"; };
		D285BF441BE7E458002C0E9C /* Info.plist */ = {isa = PBXFileReference; lastKnownFileType = text.plist.xml; path = Info.plist; sourceTree = "<group>"; };
		D285BF541BE7E87F002C0E9C /* _VC_Main.swift */ = {isa = PBXFileReference; fileEncoding = 4; lastKnownFileType = sourcecode.swift; name = _VC_Main.swift; path = ../_VC_Main.swift; sourceTree = "<group>"; };
		D2CEFF7D1BE84BA000BF035A /* _RS_CustomValues.swift */ = {isa = PBXFileReference; fileEncoding = 4; lastKnownFileType = sourcecode.swift; path = _RS_CustomValues.swift; sourceTree = "<group>"; };
/* End PBXFileReference section */

/* Begin PBXFrameworksBuildPhase section */
		D285BF191BE7E458002C0E9C /* Frameworks */ = {
			isa = PBXFrameworksBuildPhase;
			buildActionMask = 2147483647;
			files = (
			);
			runOnlyForDeploymentPostprocessing = 0;
		};
		D285BF301BE7E458002C0E9C /* Frameworks */ = {
			isa = PBXFrameworksBuildPhase;
			buildActionMask = 2147483647;
			files = (
			);
			runOnlyForDeploymentPostprocessing = 0;
		};
		D285BF3B1BE7E458002C0E9C /* Frameworks */ = {
			isa = PBXFrameworksBuildPhase;
			buildActionMask = 2147483647;
			files = (
			);
			runOnlyForDeploymentPostprocessing = 0;
		};
/* End PBXFrameworksBuildPhase section */

/* Begin PBXGroup section */
		D277B3381BE9237F004B62DE /* CoreData */ = {
			isa = PBXGroup;
			children = (
				D27F1BC41BEBDDDC00F3EF24 /* Item_Tag+CoreDataProperties.swift */,
				D27F1BC51BEBDDDC00F3EF24 /* Item_Tag.swift */,
				D27F1BC61BEBDDDC00F3EF24 /* Item_Event+CoreDataProperties.swift */,
				D27F1BC71BEBDDDC00F3EF24 /* Item_Event.swift */,
				D27F1BBC1BEBA5C500F3EF24 /* Item_Info+CoreDataProperties.swift */,
				D27F1BBD1BEBA5C500F3EF24 /* Item_Info.swift */,
			);
			name = CoreData;
			path = commerceTests;
			sourceTree = SOURCE_ROOT;
		};
		D285BF131BE7E458002C0E9C = {
			isa = PBXGroup;
			children = (
				D285BF1E1BE7E458002C0E9C /* commerce */,
				D285BF361BE7E458002C0E9C /* commerceTests */,
				D285BF411BE7E458002C0E9C /* commerceUITests */,
				D285BF1D1BE7E458002C0E9C /* Products */,
			);
			sourceTree = "<group>";
		};
		D285BF1D1BE7E458002C0E9C /* Products */ = {
			isa = PBXGroup;
			children = (
				D285BF1C1BE7E458002C0E9C /* commerce.app */,
				D285BF331BE7E458002C0E9C /* commerceTests.xctest */,
				D285BF3E1BE7E458002C0E9C /* commerceUITests.xctest */,
			);
			name = Products;
			sourceTree = "<group>";
		};
		D285BF1E1BE7E458002C0E9C /* commerce */ = {
			isa = PBXGroup;
			children = (
				D285BF1F1BE7E458002C0E9C /* AppDelegate.swift */,
				D285BF211BE7E458002C0E9C /* ViewController.swift */,
				D285BF231BE7E458002C0E9C /* Main.storyboard */,
				D285BF291BE7E458002C0E9C /* Assets.xcassets */,
				D285BF2B1BE7E458002C0E9C /* LaunchScreen.storyboard */,
				D285BF2E1BE7E458002C0E9C /* Info.plist */,
				D285BF261BE7E458002C0E9C /* commerce.xcdatamodeld */,
				D277B3551BEA105F004B62DE /* test.swift */,
				D285BF541BE7E87F002C0E9C /* _VC_Main.swift */,
				D277B3281BE8EDFD004B62DE /* _VC_CustomTabmenu.swift */,
				D277B3731BEA648F004B62DE /* _VC_EventView.swift */,
				D277B3751BEA649A004B62DE /* _VC_EventContentView.swift */,
				D2CEFF7D1BE84BA000BF035A /* _RS_CustomValues.swift */,
				D277B3391BE92450004B62DE /* _PC_UpdatefromDB.swift */,
				D277B3241BE85B3B004B62DE /* _PC_CustomClass.swift */,
				D27F1BBA1BEB91EC00F3EF24 /* _PC_CoreDataHelper.swift */,
				D277B3381BE9237F004B62DE /* CoreData */,
			);
			path = commerce;
			sourceTree = "<group>";
		};
		D285BF361BE7E458002C0E9C /* commerceTests */ = {
			isa = PBXGroup;
			children = (
				D285BF371BE7E458002C0E9C /* commerceTests.swift */,
				D285BF391BE7E458002C0E9C /* Info.plist */,
			);
			path = commerceTests;
			sourceTree = "<group>";
		};
		D285BF411BE7E458002C0E9C /* commerceUITests */ = {
			isa = PBXGroup;
			children = (
				D285BF421BE7E458002C0E9C /* commerceUITests.swift */,
				D285BF441BE7E458002C0E9C /* Info.plist */,
			);
			path = commerceUITests;
			sourceTree = "<group>";
		};
/* End PBXGroup section */

/* Begin PBXNativeTarget section */
		D285BF1B1BE7E458002C0E9C /* commerce */ = {
			isa = PBXNativeTarget;
			buildConfigurationList = D285BF471BE7E458002C0E9C /* Build configuration list for PBXNativeTarget "commerce" */;
			buildPhases = (
				D285BF181BE7E458002C0E9C /* Sources */,
				D285BF191BE7E458002C0E9C /* Frameworks */,
				D285BF1A1BE7E458002C0E9C /* Resources */,
			);
			buildRules = (
			);
			dependencies = (
			);
			name = commerce;
			productName = commerce;
			productReference = D285BF1C1BE7E458002C0E9C /* commerce.app */;
			productType = "com.apple.product-type.application";
		};
		D285BF321BE7E458002C0E9C /* commerceTests */ = {
			isa = PBXNativeTarget;
			buildConfigurationList = D285BF4A1BE7E458002C0E9C /* Build configuration list for PBXNativeTarget "commerceTests" */;
			buildPhases = (
				D285BF2F1BE7E458002C0E9C /* Sources */,
				D285BF301BE7E458002C0E9C /* Frameworks */,
				D285BF311BE7E458002C0E9C /* Resources */,
			);
			buildRules = (
			);
			dependencies = (
				D285BF351BE7E458002C0E9C /* PBXTargetDependency */,
			);
			name = commerceTests;
			productName = commerceTests;
			productReference = D285BF331BE7E458002C0E9C /* commerceTests.xctest */;
			productType = "com.apple.product-type.bundle.unit-test";
		};
		D285BF3D1BE7E458002C0E9C /* commerceUITests */ = {
			isa = PBXNativeTarget;
			buildConfigurationList = D285BF4D1BE7E458002C0E9C /* Build configuration list for PBXNativeTarget "commerceUITests" */;
			buildPhases = (
				D285BF3A1BE7E458002C0E9C /* Sources */,
				D285BF3B1BE7E458002C0E9C /* Frameworks */,
				D285BF3C1BE7E458002C0E9C /* Resources */,
			);
			buildRules = (
			);
			dependencies = (
				D285BF401BE7E458002C0E9C /* PBXTargetDependency */,
			);
			name = commerceUITests;
			productName = commerceUITests;
			productReference = D285BF3E1BE7E458002C0E9C /* commerceUITests.xctest */;
			productType = "com.apple.product-type.bundle.ui-testing";
		};
/* End PBXNativeTarget section */

/* Begin PBXProject section */
		D285BF141BE7E458002C0E9C /* Project object */ = {
			isa = PBXProject;
			attributes = {
				LastUpgradeCheck = 0700;
				ORGANIZATIONNAME = STRUCEL;
				TargetAttributes = {
					D285BF1B1BE7E458002C0E9C = {
						CreatedOnToolsVersion = 7.0.1;
						DevelopmentTeam = 24R2PY27TP;
					};
					D285BF321BE7E458002C0E9C = {
						CreatedOnToolsVersion = 7.0.1;
						TestTargetID = D285BF1B1BE7E458002C0E9C;
					};
					D285BF3D1BE7E458002C0E9C = {
						CreatedOnToolsVersion = 7.0.1;
						TestTargetID = D285BF1B1BE7E458002C0E9C;
					};
				};
			};
			buildConfigurationList = D285BF171BE7E458002C0E9C /* Build configuration list for PBXProject "commerce" */;
			compatibilityVersion = "Xcode 3.2";
			developmentRegion = English;
			hasScannedForEncodings = 0;
			knownRegions = (
				en,
				Base,
			);
			mainGroup = D285BF131BE7E458002C0E9C;
			productRefGroup = D285BF1D1BE7E458002C0E9C /* Products */;
			projectDirPath = "";
			projectRoot = "";
			targets = (
				D285BF1B1BE7E458002C0E9C /* commerce */,
				D285BF321BE7E458002C0E9C /* commerceTests */,
				D285BF3D1BE7E458002C0E9C /* commerceUITests */,
			);
		};
/* End PBXProject section */

/* Begin PBXResourcesBuildPhase section */
		D285BF1A1BE7E458002C0E9C /* Resources */ = {
			isa = PBXResourcesBuildPhase;
			buildActionMask = 2147483647;
			files = (
				D285BF2D1BE7E458002C0E9C /* LaunchScreen.storyboard in Resources */,
				D285BF2A1BE7E458002C0E9C /* Assets.xcassets in Resources */,
				D285BF251BE7E458002C0E9C /* Main.storyboard in Resources */,
			);
			runOnlyForDeploymentPostprocessing = 0;
		};
		D285BF311BE7E458002C0E9C /* Resources */ = {
			isa = PBXResourcesBuildPhase;
			buildActionMask = 2147483647;
			files = (
			);
			runOnlyForDeploymentPostprocessing = 0;
		};
		D285BF3C1BE7E458002C0E9C /* Resources */ = {
			isa = PBXResourcesBuildPhase;
			buildActionMask = 2147483647;
			files = (
			);
			runOnlyForDeploymentPostprocessing = 0;
		};
/* End PBXResourcesBuildPhase section */

/* Begin PBXSourcesBuildPhase section */
		D285BF181BE7E458002C0E9C /* Sources */ = {
			isa = PBXSourcesBuildPhase;
			buildActionMask = 2147483647;
			files = (
				D277B3761BEA649A004B62DE /* _VC_EventContentView.swift in Sources */,
				D285BF221BE7E458002C0E9C /* ViewController.swift in Sources */,
				D277B3561BEA105F004B62DE /* test.swift in Sources */,
				D27F1BC91BEBDDDC00F3EF24 /* Item_Tag.swift in Sources */,
				D27F1BCA1BEBDDDC00F3EF24 /* Item_Event+CoreDataProperties.swift in Sources */,
				D2CEFF7E1BE84BA000BF035A /* _RS_CustomValues.swift in Sources */,
				D285BF201BE7E458002C0E9C /* AppDelegate.swift in Sources */,
				D27F1BBF1BEBA5C500F3EF24 /* Item_Info.swift in Sources */,
				D277B3251BE85B3B004B62DE /* _PC_CustomClass.swift in Sources */,
				D277B3741BEA648F004B62DE /* _VC_EventView.swift in Sources */,
				D277B33A1BE92450004B62DE /* _PC_UpdatefromDB.swift in Sources */,
				D27F1BBB1BEB91EC00F3EF24 /* _PC_CoreDataHelper.swift in Sources */,
				D285BF281BE7E458002C0E9C /* commerce.xcdatamodeld in Sources */,
				D27F1BCB1BEBDDDC00F3EF24 /* Item_Event.swift in Sources */,
				D277B3291BE8EDFD004B62DE /* _VC_CustomTabmenu.swift in Sources */,
				D27F1BC81BEBDDDC00F3EF24 /* Item_Tag+CoreDataProperties.swift in Sources */,
				D27F1BBE1BEBA5C500F3EF24 /* Item_Info+CoreDataProperties.swift in Sources */,
				D285BF551BE7E87F002C0E9C /* _VC_Main.swift in Sources */,
			);
			runOnlyForDeploymentPostprocessing = 0;
		};
		D285BF2F1BE7E458002C0E9C /* Sources */ = {
			isa = PBXSourcesBuildPhase;
			buildActionMask = 2147483647;
			files = (
				D285BF381BE7E458002C0E9C /* commerceTests.swift in Sources */,
			);
			runOnlyForDeploymentPostprocessing = 0;
		};
		D285BF3A1BE7E458002C0E9C /* Sources */ = {
			isa = PBXSourcesBuildPhase;
			buildActionMask = 2147483647;
			files = (
				D285BF431BE7E458002C0E9C /* commerceUITests.swift in Sources */,
			);
			runOnlyForDeploymentPostprocessing = 0;
		};
/* End PBXSourcesBuildPhase section */

/* Begin PBXTargetDependency section */
		D285BF351BE7E458002C0E9C /* PBXTargetDependency */ = {
			isa = PBXTargetDependency;
			target = D285BF1B1BE7E458002C0E9C /* commerce */;
			targetProxy = D285BF341BE7E458002C0E9C /* PBXContainerItemProxy */;
		};
		D285BF401BE7E458002C0E9C /* PBXTargetDependency */ = {
			isa = PBXTargetDependency;
			target = D285BF1B1BE7E458002C0E9C /* commerce */;
			targetProxy = D285BF3F1BE7E458002C0E9C /* PBXContainerItemProxy */;
		};
/* End PBXTargetDependency section */

/* Begin PBXVariantGroup section */
		D285BF231BE7E458002C0E9C /* Main.storyboard */ = {
			isa = PBXVariantGroup;
			children = (
				D285BF241BE7E458002C0E9C /* Base */,
			);
			name = Main.storyboard;
			sourceTree = "<group>";
		};
		D285BF2B1BE7E458002C0E9C /* LaunchScreen.storyboard */ = {
			isa = PBXVariantGroup;
			children = (
				D285BF2C1BE7E458002C0E9C /* Base */,
			);
			name = LaunchScreen.storyboard;
			sourceTree = "<group>";
		};
/* End PBXVariantGroup section */

/* Begin XCBuildConfiguration section */
		D285BF451BE7E458002C0E9C /* Debug */ = {
			isa = XCBuildConfiguration;
			buildSettings = {
				ALWAYS_SEARCH_USER_PATHS = NO;
				CLANG_CXX_LANGUAGE_STANDARD = "gnu++0x";
				CLANG_CXX_LIBRARY = "libc++";
				CLANG_ENABLE_MODULES = YES;
				CLANG_ENABLE_OBJC_ARC = YES;
				CLANG_WARN_BOOL_CONVERSION = YES;
				CLANG_WARN_CONSTANT_CONVERSION = YES;
				CLANG_WARN_DIRECT_OBJC_ISA_USAGE = YES_ERROR;
				CLANG_WARN_EMPTY_BODY = YES;
				CLANG_WARN_ENUM_CONVERSION = YES;
				CLANG_WARN_INT_CONVERSION = YES;
				CLANG_WARN_OBJC_ROOT_CLASS = YES_ERROR;
				CLANG_WARN_UNREACHABLE_CODE = YES;
				CLANG_WARN__DUPLICATE_METHOD_MATCH = YES;
				"CODE_SIGN_IDENTITY[sdk=iphoneos*]" = "iPhone Developer";
				COPY_PHASE_STRIP = NO;
				DEBUG_INFORMATION_FORMAT = dwarf;
				ENABLE_STRICT_OBJC_MSGSEND = YES;
				ENABLE_TESTABILITY = YES;
				GCC_C_LANGUAGE_STANDARD = gnu99;
				GCC_DYNAMIC_NO_PIC = NO;
				GCC_NO_COMMON_BLOCKS = YES;
				GCC_OPTIMIZATION_LEVEL = 0;
				GCC_PREPROCESSOR_DEFINITIONS = (
					"DEBUG=1",
					"$(inherited)",
				);
				GCC_WARN_64_TO_32_BIT_CONVERSION = YES;
				GCC_WARN_ABOUT_RETURN_TYPE = YES_ERROR;
				GCC_WARN_UNDECLARED_SELECTOR = YES;
				GCC_WARN_UNINITIALIZED_AUTOS = YES_AGGRESSIVE;
				GCC_WARN_UNUSED_FUNCTION = YES;
				GCC_WARN_UNUSED_VARIABLE = YES;
				IPHONEOS_DEPLOYMENT_TARGET = 9.0;
				MTL_ENABLE_DEBUG_INFO = YES;
				ONLY_ACTIVE_ARCH = YES;
				SDKROOT = iphoneos;
				SWIFT_OPTIMIZATION_LEVEL = "-Onone";
			};
			name = Debug;
		};
		D285BF461BE7E458002C0E9C /* Release */ = {
			isa = XCBuildConfiguration;
			buildSettings = {
				ALWAYS_SEARCH_USER_PATHS = NO;
				CLANG_CXX_LANGUAGE_STANDARD = "gnu++0x";
				CLANG_CXX_LIBRARY = "libc++";
				CLANG_ENABLE_MODULES = YES;
				CLANG_ENABLE_OBJC_ARC = YES;
				CLANG_WARN_BOOL_CONVERSION = YES;
				CLANG_WARN_CONSTANT_CONVERSION = YES;
				CLANG_WARN_DIRECT_OBJC_ISA_USAGE = YES_ERROR;
				CLANG_WARN_EMPTY_BODY = YES;
				CLANG_WARN_ENUM_CONVERSION = YES;
				CLANG_WARN_INT_CONVERSION = YES;
				CLANG_WARN_OBJC_ROOT_CLASS = YES_ERROR;
				CLANG_WARN_UNREACHABLE_CODE = YES;
				CLANG_WARN__DUPLICATE_METHOD_MATCH = YES;
				"CODE_SIGN_IDENTITY[sdk=iphoneos*]" = "iPhone Developer";
				COPY_PHASE_STRIP = NO;
				DEBUG_INFORMATION_FORMAT = "dwarf-with-dsym";
				ENABLE_NS_ASSERTIONS = NO;
				ENABLE_STRICT_OBJC_MSGSEND = YES;
				GCC_C_LANGUAGE_STANDARD = gnu99;
				GCC_NO_COMMON_BLOCKS = YES;
				GCC_WARN_64_TO_32_BIT_CONVERSION = YES;
				GCC_WARN_ABOUT_RETURN_TYPE = YES_ERROR;
				GCC_WARN_UNDECLARED_SELECTOR = YES;
				GCC_WARN_UNINITIALIZED_AUTOS = YES_AGGRESSIVE;
				GCC_WARN_UNUSED_FUNCTION = YES;
				GCC_WARN_UNUSED_VARIABLE = YES;
				IPHONEOS_DEPLOYMENT_TARGET = 9.0;
				MTL_ENABLE_DEBUG_INFO = NO;
				SDKROOT = iphoneos;
				VALIDATE_PRODUCT = YES;
			};
			name = Release;
		};
		D285BF481BE7E458002C0E9C /* Debug */ = {
			isa = XCBuildConfiguration;
			buildSettings = {
				ASSETCATALOG_COMPILER_APPICON_NAME = AppIcon;
				CODE_SIGN_IDENTITY = "iPhone Developer";
				INFOPLIST_FILE = commerce/Info.plist;
				LD_RUNPATH_SEARCH_PATHS = "$(inherited) @executable_path/Frameworks";
				PRODUCT_BUNDLE_IDENTIFIER = com.strucel.commerce;
				PRODUCT_NAME = "$(TARGET_NAME)";
			};
			name = Debug;
		};
		D285BF491BE7E458002C0E9C /* Release */ = {
			isa = XCBuildConfiguration;
			buildSettings = {
				ASSETCATALOG_COMPILER_APPICON_NAME = AppIcon;
				CODE_SIGN_IDENTITY = "iPhone Developer";
				INFOPLIST_FILE = commerce/Info.plist;
				LD_RUNPATH_SEARCH_PATHS = "$(inherited) @executable_path/Frameworks";
				PRODUCT_BUNDLE_IDENTIFIER = com.strucel.commerce;
				PRODUCT_NAME = "$(TARGET_NAME)";
			};
			name = Release;
		};
		D285BF4B1BE7E458002C0E9C /* Debug */ = {
			isa = XCBuildConfiguration;
			buildSettings = {
				BUNDLE_LOADER = "$(TEST_HOST)";
				INFOPLIST_FILE = commerceTests/Info.plist;
				LD_RUNPATH_SEARCH_PATHS = "$(inherited) @executable_path/Frameworks @loader_path/Frameworks";
				PRODUCT_BUNDLE_IDENTIFIER = com.strucel.commerceTests;
				PRODUCT_NAME = "$(TARGET_NAME)";
				TEST_HOST = "$(BUILT_PRODUCTS_DIR)/commerce.app/commerce";
			};
			name = Debug;
		};
		D285BF4C1BE7E458002C0E9C /* Release */ = {
			isa = XCBuildConfiguration;
			buildSettings = {
				BUNDLE_LOADER = "$(TEST_HOST)";
				INFOPLIST_FILE = commerceTests/Info.plist;
				LD_RUNPATH_SEARCH_PATHS = "$(inherited) @executable_path/Frameworks @loader_path/Frameworks";
				PRODUCT_BUNDLE_IDENTIFIER = com.strucel.commerceTests;
				PRODUCT_NAME = "$(TARGET_NAME)";
				TEST_HOST = "$(BUILT_PRODUCTS_DIR)/commerce.app/commerce";
			};
			name = Release;
		};
		D285BF4E1BE7E458002C0E9C /* Debug */ = {
			isa = XCBuildConfiguration;
			buildSettings = {
				INFOPLIST_FILE = commerceUITests/Info.plist;
				LD_RUNPATH_SEARCH_PATHS = "$(inherited) @executable_path/Frameworks @loader_path/Frameworks";
				PRODUCT_BUNDLE_IDENTIFIER = com.strucel.commerceUITests;
				PRODUCT_NAME = "$(TARGET_NAME)";
				TEST_TARGET_NAME = commerce;
				USES_XCTRUNNER = YES;
			};
			name = Debug;
		};
		D285BF4F1BE7E458002C0E9C /* Release */ = {
			isa = XCBuildConfiguration;
			buildSettings = {
				INFOPLIST_FILE = commerceUITests/Info.plist;
				LD_RUNPATH_SEARCH_PATHS = "$(inherited) @executable_path/Frameworks @loader_path/Frameworks";
				PRODUCT_BUNDLE_IDENTIFIER = com.strucel.commerceUITests;
				PRODUCT_NAME = "$(TARGET_NAME)";
				TEST_TARGET_NAME = commerce;
				USES_XCTRUNNER = YES;
			};
			name = Release;
		};
/* End XCBuildConfiguration section */

/* Begin XCConfigurationList section */
		D285BF171BE7E458002C0E9C /* Build configuration list for PBXProject "commerce" */ = {
			isa = XCConfigurationList;
			buildConfigurations = (
				D285BF451BE7E458002C0E9C /* Debug */,
				D285BF461BE7E458002C0E9C /* Release */,
			);
			defaultConfigurationIsVisible = 0;
			defaultConfigurationName = Release;
		};
		D285BF471BE7E458002C0E9C /* Build configuration list for PBXNativeTarget "commerce" */ = {
			isa = XCConfigurationList;
			buildConfigurations = (
				D285BF481BE7E458002C0E9C /* Debug */,
				D285BF491BE7E458002C0E9C /* Release */,
			);
			defaultConfigurationIsVisible = 0;
			defaultConfigurationName = Release;
		};
		D285BF4A1BE7E458002C0E9C /* Build configuration list for PBXNativeTarget "commerceTests" */ = {
			isa = XCConfigurationList;
			buildConfigurations = (
				D285BF4B1BE7E458002C0E9C /* Debug */,
				D285BF4C1BE7E458002C0E9C /* Release */,
			);
			defaultConfigurationIsVisible = 0;
			defaultConfigurationName = Release;
		};
		D285BF4D1BE7E458002C0E9C /* Build configuration list for PBXNativeTarget "commerceUITests" */ = {
			isa = XCConfigurationList;
			buildConfigurations = (
				D285BF4E1BE7E458002C0E9C /* Debug */,
				D285BF4F1BE7E458002C0E9C /* Release */,
			);
			defaultConfigurationIsVisible = 0;
			defaultConfigurationName = Release;
		};
/* End XCConfigurationList section */

/* Begin XCVersionGroup section */
		D285BF261BE7E458002C0E9C /* commerce.xcdatamodeld */ = {
			isa = XCVersionGroup;
			children = (
				D285BF271BE7E458002C0E9C /* commerce.xcdatamodel */,
			);
			currentVersion = D285BF271BE7E458002C0E9C /* commerce.xcdatamodel */;
			path = commerce.xcdatamodeld;
			sourceTree = "<group>";
			versionGroupType = wrapper.xcdatamodel;
		};
/* End XCVersionGroup section */
	};
	rootObject = D285BF141BE7E458002C0E9C /* Project object */;
}
